
Microsoft Visual Studio Solution File, Format Version 12.00
# Visual Studio Version 17
VisualStudioVersion = 17.11.35312.102
MinimumVisualStudioVersion = 10.0.40219.1
Project("{FAE04EC0-301F-11D3-BF4B-00C04F79EFBC}") = "MvcMovie", "MvcMovie.csproj", "{8F04EA1B-0E75-40BB-97CF-03BDFE659515}"
EndProject
Global
	GlobalSection(SolutionConfigurationPlatforms) = preSolution
		Debug|Any CPU = Debug|Any CPU
		Release|Any CPU = Release|Any CPU
	EndGlobalSection
	GlobalSection(ProjectConfigurationPlatforms) = postSolution
		{8F04EA1B-0E75-40BB-97CF-03BDFE659515}.Debug|Any CPU.ActiveCfg = Debug|Any CPU
		{8F04EA1B-0E75-40BB-97CF-03BDFE659515}.Debug|Any CPU.Build.0 = Debug|Any CPU
		{8F04EA1B-0E75-40BB-97CF-03BDFE659515}.Release|Any CPU.ActiveCfg = Release|Any CPU
		{8F04EA1B-0E75-40BB-97CF-03BDFE659515}.Release|Any CPU.Build.0 = Release|Any CPU
	EndGlobalSection
	GlobalSection(SolutionProperties) = preSolution
		HideSolutionNode = FALSE
	EndGlobalSection
	GlobalSection(ExtensibilityGlobals) = postSolution
		SolutionGuid = {201C2BDF-4C7B-4FB5-888A-9D9D6C02B967}
	EndGlobalSection
EndGlobal
